
Microsoft Visual Studio Solution File, Format Version 12.00
# Visual Studio Version 17
VisualStudioVersion = 17.9.34518.117
MinimumVisualStudioVersion = 10.0.40219.1
Project("{9A19103F-16F7-4668-BE54-9A1E7A4F7556}") = "WhisperChat.Authorization", "WhisperChat.Authorization\WhisperChat.Authorization.csproj", "{62BBAD41-DF45-4826-ABBC-DD88AEC46FB2}"
EndProject
Project("{FAE04EC0-301F-11D3-BF4B-00C04F79EFBC}") = "WhisperChat.ChatServer", "WhisperChat.ChatServer\WhisperChat.ChatServer.csproj", "{C1DA6123-ABD3-4823-A789-52244A8CC8DF}"
EndProject
Global
	GlobalSection(SolutionConfigurationPlatforms) = preSolution
		Debug|Any CPU = Debug|Any CPU
		Release|Any CPU = Release|Any CPU
	EndGlobalSection
	GlobalSection(ProjectConfigurationPlatforms) = postSolution
		{62BBAD41-DF45-4826-ABBC-DD88AEC46FB2}.Debug|Any CPU.ActiveCfg = Debug|Any CPU
		{62BBAD41-DF45-4826-ABBC-DD88AEC46FB2}.Debug|Any CPU.Build.0 = Debug|Any CPU
		{62BBAD41-DF45-4826-ABBC-DD88AEC46FB2}.Release|Any CPU.ActiveCfg = Release|Any CPU
		{62BBAD41-DF45-4826-ABBC-DD88AEC46FB2}.Release|Any CPU.Build.0 = Release|Any CPU
		{C1DA6123-ABD3-4823-A789-52244A8CC8DF}.Debug|Any CPU.ActiveCfg = Debug|Any CPU
		{C1DA6123-ABD3-4823-A789-52244A8CC8DF}.Debug|Any CPU.Build.0 = Debug|Any CPU
		{C1DA6123-ABD3-4823-A789-52244A8CC8DF}.Release|Any CPU.ActiveCfg = Release|Any CPU
		{C1DA6123-ABD3-4823-A789-52244A8CC8DF}.Release|Any CPU.Build.0 = Release|Any CPU
	EndGlobalSection
	GlobalSection(SolutionProperties) = preSolution
		HideSolutionNode = FALSE
	EndGlobalSection
	GlobalSection(ExtensibilityGlobals) = postSolution
		SolutionGuid = {30AB2748-48D1-4A6F-9EE6-A7852A9A8F5B}
	EndGlobalSection
EndGlobal
